
Microsoft Visual Studio Solution File, Format Version 12.00
# Visual Studio Version 17
VisualStudioVersion = 17.13.35825.156 d17.13
MinimumVisualStudioVersion = 10.0.40219.1
Project("{54A90642-561A-4BB1-A94E-469ADEE60C69}") = "eduapoyos.client", "eduapoyos.client\eduapoyos.client.esproj", "{19BB7898-64DA-CB69-8708-CC7A0EED8552}"
EndProject
Project("{FAE04EC0-301F-11D3-BF4B-00C04F79EFBC}") = "EduApoyos.Server", "EduApoyos.Server\EduApoyos.Server.csproj", "{4EB3CC72-B458-4E4D-97A3-E0E5C04A9314}"
EndProject
Global
	GlobalSection(SolutionConfigurationPlatforms) = preSolution
		Debug|Any CPU = Debug|Any CPU
		Release|Any CPU = Release|Any CPU
	EndGlobalSection
	GlobalSection(ProjectConfigurationPlatforms) = postSolution
		{19BB7898-64DA-CB69-8708-CC7A0EED8552}.Debug|Any CPU.ActiveCfg = Debug|Any CPU
		{19BB7898-64DA-CB69-8708-CC7A0EED8552}.Debug|Any CPU.Build.0 = Debug|Any CPU
		{19BB7898-64DA-CB69-8708-CC7A0EED8552}.Debug|Any CPU.Deploy.0 = Debug|Any CPU
		{19BB7898-64DA-CB69-8708-CC7A0EED8552}.Release|Any CPU.ActiveCfg = Release|Any CPU
		{19BB7898-64DA-CB69-8708-CC7A0EED8552}.Release|Any CPU.Build.0 = Release|Any CPU
		{19BB7898-64DA-CB69-8708-CC7A0EED8552}.Release|Any CPU.Deploy.0 = Release|Any CPU
		{4EB3CC72-B458-4E4D-97A3-E0E5C04A9314}.Debug|Any CPU.ActiveCfg = Debug|Any CPU
		{4EB3CC72-B458-4E4D-97A3-E0E5C04A9314}.Debug|Any CPU.Build.0 = Debug|Any CPU
		{4EB3CC72-B458-4E4D-97A3-E0E5C04A9314}.Release|Any CPU.ActiveCfg = Release|Any CPU
		{4EB3CC72-B458-4E4D-97A3-E0E5C04A9314}.Release|Any CPU.Build.0 = Release|Any CPU
	EndGlobalSection
	GlobalSection(SolutionProperties) = preSolution
		HideSolutionNode = FALSE
	EndGlobalSection
	GlobalSection(ExtensibilityGlobals) = postSolution
		SolutionGuid = {6BB3D457-0F56-4A4C-BE0B-B168B6005D2D}
	EndGlobalSection
EndGlobal
